
Microsoft Visual Studio Solution File, Format Version 12.00
# Visual Studio Version 17
VisualStudioVersion = 17.0.31903.59
MinimumVisualStudioVersion = 10.0.40219.1
Project("{2150E333-8FDC-42A3-9474-1A3956D46DE8}") = "src", "src", "{827E0CD3-B72D-47B6-A68D-7590B98EB39B}"
EndProject
Project("{FAE04EC0-301F-11D3-BF4B-00C04F79EFBC}") = "DNDGame.App", "src\DNDGame.App\DNDGame.App.csproj", "{5ECA9988-40FF-414B-A0EB-9CA64AF2AB50}"
EndProject
Project("{FAE04EC0-301F-11D3-BF4B-00C04F79EFBC}") = "DNDGame.Core", "src\DNDGame.Core\DNDGame.Core.csproj", "{3189C7F9-199A-457B-9C06-940942C972AF}"
EndProject
Project("{FAE04EC0-301F-11D3-BF4B-00C04F79EFBC}") = "DNDGame.Data", "src\DNDGame.Data\DNDGame.Data.csproj", "{AEA61D81-D8C6-4AEB-8A98-2E85483D8232}"
EndProject
Project("{FAE04EC0-301F-11D3-BF4B-00C04F79EFBC}") = "DNDGame.Services", "src\DNDGame.Services\DNDGame.Services.csproj", "{FEA9085A-731C-45A9-9D93-5EF1D0B1911F}"
EndProject
Project("{FAE04EC0-301F-11D3-BF4B-00C04F79EFBC}") = "DNDGame.Tests", "tests\DNDGame.Tests\DNDGame.Tests.csproj", "{5BB3FD29-AE34-4D77-BA32-E2662A0F5BD3}"
EndProject
Global
	GlobalSection(SolutionConfigurationPlatforms) = preSolution
		Debug|Any CPU = Debug|Any CPU
		Debug|x64 = Debug|x64
		Debug|x86 = Debug|x86
		Release|Any CPU = Release|Any CPU
		Release|x64 = Release|x64
		Release|x86 = Release|x86
	EndGlobalSection
	GlobalSection(ProjectConfigurationPlatforms) = postSolution
		{5ECA9988-40FF-414B-A0EB-9CA64AF2AB50}.Debug|Any CPU.ActiveCfg = Debug|Any CPU
		{5ECA9988-40FF-414B-A0EB-9CA64AF2AB50}.Debug|Any CPU.Build.0 = Debug|Any CPU
		{5ECA9988-40FF-414B-A0EB-9CA64AF2AB50}.Debug|x64.ActiveCfg = Debug|Any CPU
		{5ECA9988-40FF-414B-A0EB-9CA64AF2AB50}.Debug|x64.Build.0 = Debug|Any CPU
		{5ECA9988-40FF-414B-A0EB-9CA64AF2AB50}.Debug|x86.ActiveCfg = Debug|Any CPU
		{5ECA9988-40FF-414B-A0EB-9CA64AF2AB50}.Debug|x86.Build.0 = Debug|Any CPU
		{5ECA9988-40FF-414B-A0EB-9CA64AF2AB50}.Release|Any CPU.ActiveCfg = Release|Any CPU
		{5ECA9988-40FF-414B-A0EB-9CA64AF2AB50}.Release|Any CPU.Build.0 = Release|Any CPU
		{5ECA9988-40FF-414B-A0EB-9CA64AF2AB50}.Release|x64.ActiveCfg = Release|Any CPU
		{5ECA9988-40FF-414B-A0EB-9CA64AF2AB50}.Release|x64.Build.0 = Release|Any CPU
		{5ECA9988-40FF-414B-A0EB-9CA64AF2AB50}.Release|x86.ActiveCfg = Release|Any CPU
		{5ECA9988-40FF-414B-A0EB-9CA64AF2AB50}.Release|x86.Build.0 = Release|Any CPU
		{3189C7F9-199A-457B-9C06-940942C972AF}.Debug|Any CPU.ActiveCfg = Debug|Any CPU
		{3189C7F9-199A-457B-9C06-940942C972AF}.Debug|Any CPU.Build.0 = Debug|Any CPU
		{3189C7F9-199A-457B-9C06-940942C972AF}.Debug|x64.ActiveCfg = Debug|Any CPU
		{3189C7F9-199A-457B-9C06-940942C972AF}.Debug|x64.Build.0 = Debug|Any CPU
		{3189C7F9-199A-457B-9C06-940942C972AF}.Debug|x86.ActiveCfg = Debug|Any CPU
		{3189C7F9-199A-457B-9C06-940942C972AF}.Debug|x86.Build.0 = Debug|Any CPU
		{3189C7F9-199A-457B-9C06-940942C972AF}.Release|Any CPU.ActiveCfg = Release|Any CPU
		{3189C7F9-199A-457B-9C06-940942C972AF}.Release|Any CPU.Build.0 = Release|Any CPU
		{3189C7F9-199A-457B-9C06-940942C972AF}.Release|x64.ActiveCfg = Release|Any CPU
		{3189C7F9-199A-457B-9C06-940942C972AF}.Release|x64.Build.0 = Release|Any CPU
		{3189C7F9-199A-457B-9C06-940942C972AF}.Release|x86.ActiveCfg = Release|Any CPU
		{3189C7F9-199A-457B-9C06-940942C972AF}.Release|x86.Build.0 = Release|Any CPU
		{AEA61D81-D8C6-4AEB-8A98-2E85483D8232}.Debug|Any CPU.ActiveCfg = Debug|Any CPU
		{AEA61D81-D8C6-4AEB-8A98-2E85483D8232}.Debug|Any CPU.Build.0 = Debug|Any CPU
		{AEA61D81-D8C6-4AEB-8A98-2E85483D8232}.Debug|x64.ActiveCfg = Debug|Any CPU
		{AEA61D81-D8C6-4AEB-8A98-2E85483D8232}.Debug|x64.Build.0 = Debug|Any CPU
		{AEA61D81-D8C6-4AEB-8A98-2E85483D8232}.Debug|x86.ActiveCfg = Debug|Any CPU
		{AEA61D81-D8C6-4AEB-8A98-2E85483D8232}.Debug|x86.Build.0 = Debug|Any CPU
		{AEA61D81-D8C6-4AEB-8A98-2E85483D8232}.Release|Any CPU.ActiveCfg = Release|Any CPU
		{AEA61D81-D8C6-4AEB-8A98-2E85483D8232}.Release|Any CPU.Build.0 = Release|Any CPU
		{AEA61D81-D8C6-4AEB-8A98-2E85483D8232}.Release|x64.ActiveCfg = Release|Any CPU
		{AEA61D81-D8C6-4AEB-8A98-2E85483D8232}.Release|x64.Build.0 = Release|Any CPU
		{AEA61D81-D8C6-4AEB-8A98-2E85483D8232}.Release|x86.ActiveCfg = Release|Any CPU
		{AEA61D81-D8C6-4AEB-8A98-2E85483D8232}.Release|x86.Build.0 = Release|Any CPU
		{FEA9085A-731C-45A9-9D93-5EF1D0B1911F}.Debug|Any CPU.ActiveCfg = Debug|Any CPU
		{FEA9085A-731C-45A9-9D93-5EF1D0B1911F}.Debug|Any CPU.Build.0 = Debug|Any CPU
		{FEA9085A-731C-45A9-9D93-5EF1D0B1911F}.Debug|x64.ActiveCfg = Debug|Any CPU
		{FEA9085A-731C-45A9-9D93-5EF1D0B1911F}.Debug|x64.Build.0 = Debug|Any CPU
		{FEA9085A-731C-45A9-9D93-5EF1D0B1911F}.Debug|x86.ActiveCfg = Debug|Any CPU
		{FEA9085A-731C-45A9-9D93-5EF1D0B1911F}.Debug|x86.Build.0 = Debug|Any CPU
		{FEA9085A-731C-45A9-9D93-5EF1D0B1911F}.Release|Any CPU.ActiveCfg = Release|Any CPU
		{FEA9085A-731C-45A9-9D93-5EF1D0B1911F}.Release|Any CPU.Build.0 = Release|Any CPU
		{FEA9085A-731C-45A9-9D93-5EF1D0B1911F}.Release|x64.ActiveCfg = Release|Any CPU
		{FEA9085A-731C-45A9-9D93-5EF1D0B1911F}.Release|x64.Build.0 = Release|Any CPU
		{FEA9085A-731C-45A9-9D93-5EF1D0B1911F}.Release|x86.ActiveCfg = Release|Any CPU
		{FEA9085A-731C-45A9-9D93-5EF1D0B1911F}.Release|x86.Build.0 = Release|Any CPU
		{5BB3FD29-AE34-4D77-BA32-E2662A0F5BD3}.Debug|Any CPU.ActiveCfg = Debug|Any CPU
		{5BB3FD29-AE34-4D77-BA32-E2662A0F5BD3}.Debug|Any CPU.Build.0 = Debug|Any CPU
		{5BB3FD29-AE34-4D77-BA32-E2662A0F5BD3}.Debug|x64.ActiveCfg = Debug|Any CPU
		{5BB3FD29-AE34-4D77-BA32-E2662A0F5BD3}.Debug|x64.Build.0 = Debug|Any CPU
		{5BB3FD29-AE34-4D77-BA32-E2662A0F5BD3}.Debug|x86.ActiveCfg = Debug|Any CPU
		{5BB3FD29-AE34-4D77-BA32-E2662A0F5BD3}.Debug|x86.Build.0 = Debug|Any CPU
		{5BB3FD29-AE34-4D77-BA32-E2662A0F5BD3}.Release|Any CPU.ActiveCfg = Release|Any CPU
		{5BB3FD29-AE34-4D77-BA32-E2662A0F5BD3}.Release|Any CPU.Build.0 = Release|Any CPU
		{5BB3FD29-AE34-4D77-BA32-E2662A0F5BD3}.Release|x64.ActiveCfg = Release|Any CPU
		{5BB3FD29-AE34-4D77-BA32-E2662A0F5BD3}.Release|x64.Build.0 = Release|Any CPU
		{5BB3FD29-AE34-4D77-BA32-E2662A0F5BD3}.Release|x86.ActiveCfg = Release|Any CPU
		{5BB3FD29-AE34-4D77-BA32-E2662A0F5BD3}.Release|x86.Build.0 = Release|Any CPU
	EndGlobalSection
	GlobalSection(SolutionProperties) = preSolution
		HideSolutionNode = FALSE
	EndGlobalSection
	GlobalSection(NestedProjects) = preSolution
		{5ECA9988-40FF-414B-A0EB-9CA64AF2AB50} = {827E0CD3-B72D-47B6-A68D-7590B98EB39B}
		{3189C7F9-199A-457B-9C06-940942C972AF} = {827E0CD3-B72D-47B6-A68D-7590B98EB39B}
		{AEA61D81-D8C6-4AEB-8A98-2E85483D8232} = {827E0CD3-B72D-47B6-A68D-7590B98EB39B}
		{FEA9085A-731C-45A9-9D93-5EF1D0B1911F} = {827E0CD3-B72D-47B6-A68D-7590B98EB39B}
		{5BB3FD29-AE34-4D77-BA32-E2662A0F5BD3} = {827E0CD3-B72D-47B6-A68D-7590B98EB39B}
	EndGlobalSection
EndGlobal
